// !$*UTF8*$!
{
	archiveVersion = 1;
	classes = {
	};
	objectVersion = 50;
	objects = {

/* Begin PBXBuildFile section */
		EF59299A2289B02200235D9F /* AppDelegate.swift in Sources */ = {isa = PBXBuildFile; fileRef = EF5929992289B02200235D9F /* AppDelegate.swift */; };
		EF5929A12289B02400235D9F /* Assets.xcassets in Resources */ = {isa = PBXBuildFile; fileRef = EF5929A02289B02400235D9F /* Assets.xcassets */; };
		EF5929A42289B02400235D9F /* LaunchScreen.storyboard in Resources */ = {isa = PBXBuildFile; fileRef = EF5929A22289B02400235D9F /* LaunchScreen.storyboard */; };
/* End PBXBuildFile section */

/* Begin PBXFileReference section */
		DDA68593228B567C00AF38F2 /* DevPod */ = {isa = PBXFileReference; lastKnownFileType = folder; name = DevPod; path = DevPod/DevPod; sourceTree = "<group>"; };
		EF2B58AA228AD94000E7F37F /* Config.xcconfig */ = {isa = PBXFileReference; lastKnownFileType = text.xcconfig; path = Config.xcconfig; sourceTree = "<group>"; };
		EF5929962289B02200235D9F /* DebugProblemApp.app */ = {isa = PBXFileReference; explicitFileType = wrapper.application; includeInIndex = 0; path = DebugProblemApp.app; sourceTree = BUILT_PRODUCTS_DIR; };
		EF5929992289B02200235D9F /* AppDelegate.swift */ = {isa = PBXFileReference; lastKnownFileType = sourcecode.swift; path = AppDelegate.swift; sourceTree = "<group>"; };
		EF5929A02289B02400235D9F /* Assets.xcassets */ = {isa = PBXFileReference; lastKnownFileType = folder.assetcatalog; path = Assets.xcassets; sourceTree = "<group>"; };
		EF5929A32289B02400235D9F /* Base */ = {isa = PBXFileReference; lastKnownFileType = file.storyboard; name = Base; path = Base.lproj/LaunchScreen.storyboard; sourceTree = "<group>"; };
		EF5929A52289B02400235D9F /* Info.plist */ = {isa = PBXFileReference; lastKnownFileType = text.plist.xml; path = Info.plist; sourceTree = "<group>"; };
		EF987CA7228AEC160053197A /* DevPod.h */ = {isa = PBXFileReference; lastKnownFileType = sourcecode.c.h; path = DevPod.h; sourceTree = "<group>"; };
		EF987CA8228AEC160053197A /* Info.plist */ = {isa = PBXFileReference; lastKnownFileType = text.plist.xml; path = Info.plist; sourceTree = "<group>"; };
		EF987CAD228AEC490053197A /* DevPodViewController.swift */ = {isa = PBXFileReference; fileEncoding = 4; lastKnownFileType = sourcecode.swift; path = DevPodViewController.swift; sourceTree = "<group>"; };
/* End PBXFileReference section */

/* Begin PBXFrameworksBuildPhase section */
		EF5929932289B02200235D9F /* Frameworks */ = {
			isa = PBXFrameworksBuildPhase;
			buildActionMask = 2147483647;
			files = (
			);
			runOnlyForDeploymentPostprocessing = 0;
		};
/* End PBXFrameworksBuildPhase section */

/* Begin PBXGroup section */
		2164A0F9FEE75FA3BE4113EC /* Frameworks */ = {
			isa = PBXGroup;
			children = (
			);
			name = Frameworks;
			sourceTree = "<group>";
		};
		EF2B58A9228AD92100E7F37F /* Config */ = {
			isa = PBXGroup;
			children = (
				EF2B58AA228AD94000E7F37F /* Config.xcconfig */,
			);
			path = Config;
			sourceTree = "<group>";
		};
		EF59298D2289B02200235D9F = {
			isa = PBXGroup;
			children = (
				DDA68593228B567C00AF38F2 /* DevPod */,
				EF5929982289B02200235D9F /* DebugProblemApp */,
				EF2B58A9228AD92100E7F37F /* Config */,
				EF987CA6228AEC160053197A /* DevPod */,
				EF5929972289B02200235D9F /* Products */,
				2164A0F9FEE75FA3BE4113EC /* Frameworks */,
			);
			sourceTree = "<group>";
		};
		EF5929972289B02200235D9F /* Products */ = {
			isa = PBXGroup;
			children = (
				EF5929962289B02200235D9F /* DebugProblemApp.app */,
			);
			name = Products;
			sourceTree = "<group>";
		};
		EF5929982289B02200235D9F /* DebugProblemApp */ = {
			isa = PBXGroup;
			children = (
				EF5929992289B02200235D9F /* AppDelegate.swift */,
				EF5929A02289B02400235D9F /* Assets.xcassets */,
				EF5929A22289B02400235D9F /* LaunchScreen.storyboard */,
				EF5929A52289B02400235D9F /* Info.plist */,
			);
			path = DebugProblemApp;
			sourceTree = "<group>";
		};
		EF987CA6228AEC160053197A /* DevPod */ = {
			isa = PBXGroup;
			children = (
				EF987CAD228AEC490053197A /* DevPodViewController.swift */,
				EF987CA7228AEC160053197A /* DevPod.h */,
				EF987CA8228AEC160053197A /* Info.plist */,
			);
			path = DevPod;
			sourceTree = "<group>";
		};
/* End PBXGroup section */

/* Begin PBXNativeTarget section */
		EF5929952289B02200235D9F /* DebugProblemApp */ = {
			isa = PBXNativeTarget;
			buildConfigurationList = EF5929A82289B02400235D9F /* Build configuration list for PBXNativeTarget "DebugProblemApp" */;
			buildPhases = (
				2FDD1F5554431C123B63B7C5 /* [Prebuilded] Copy prebuilded frameworks */,
				EF5929922289B02200235D9F /* Sources */,
				EF5929932289B02200235D9F /* Frameworks */,
				EF5929942289B02200235D9F /* Resources */,
				EF987C9F228ADF430053197A /* [Prebuilded] Copy inside app */,
			);
			buildRules = (
			);
			dependencies = (
			);
			name = DebugProblemApp;
			productName = CalciferTestApp;
			productReference = EF5929962289B02200235D9F /* DebugProblemApp.app */;
			productType = "com.apple.product-type.application";
		};
/* End PBXNativeTarget section */

/* Begin PBXProject section */
		EF59298E2289B02200235D9F /* Project object */ = {
			isa = PBXProject;
			attributes = {
				LastSwiftUpdateCheck = 1010;
				LastUpgradeCheck = 1010;
				ORGANIZATIONNAME = Calcifer;
				TargetAttributes = {
					EF5929952289B02200235D9F = {
						CreatedOnToolsVersion = 10.1;
					};
				};
			};
			buildConfigurationList = EF5929912289B02200235D9F /* Build configuration list for PBXProject "DebugProblemApp" */;
			compatibilityVersion = "Xcode 9.3";
			developmentRegion = en;
			hasScannedForEncodings = 0;
			knownRegions = (
				en,
				Base,
			);
			mainGroup = EF59298D2289B02200235D9F;
			productRefGroup = EF5929972289B02200235D9F /* Products */;
			projectDirPath = "";
			projectRoot = "";
			targets = (
				EF5929952289B02200235D9F /* DebugProblemApp */,
			);
		};
/* End PBXProject section */

/* Begin PBXResourcesBuildPhase section */
		EF5929942289B02200235D9F /* Resources */ = {
			isa = PBXResourcesBuildPhase;
			buildActionMask = 2147483647;
			files = (
				EF5929A42289B02400235D9F /* LaunchScreen.storyboard in Resources */,
				EF5929A12289B02400235D9F /* Assets.xcassets in Resources */,
			);
			runOnlyForDeploymentPostprocessing = 0;
		};
/* End PBXResourcesBuildPhase section */

/* Begin PBXShellScriptBuildPhase section */
		2FDD1F5554431C123B63B7C5 /* [Prebuilded] Copy prebuilded frameworks */ = {
			isa = PBXShellScriptBuildPhase;
			buildActionMask = 2147483647;
			files = (
			);
			inputFileListPaths = (
			);
			inputPaths = (
			);
			name = "[Prebuilded] Copy prebuilded frameworks";
			outputFileListPaths = (
			);
			outputPaths = (
			);
			runOnlyForDeploymentPostprocessing = 0;
			shellPath = /bin/sh;
			shellScript = "set -x\nframework_name='DevPod'\nprebuilded_folder_name='DevPodFramework.noindex'\nroot_path=$(builtin cd $SRCROOT && git rev-parse --show-toplevel)\nif [ ! -d \"${root_path}/${prebuilded_folder_name}\" ]; then\necho \"error: folder ${root_path}/${prebuilded_folder_name} doesn't exist\"\nexit 1\nfi\nprebuilded_folder=`realpath ${root_path}/${prebuilded_folder_name}`\nif [ ! -d \"${CONFIGURATION_BUILD_DIR}/DevPod\" ]; then\nmkdir -p \"${CONFIGURATION_BUILD_DIR}/DevPod\"\nfi\ndestination_folder=`realpath ${CONFIGURATION_BUILD_DIR}/DevPod`\nprebuilded_folder_md5=`find ${prebuilded_folder} -type f -exec md5 {} + | sort -k 2 | awk '{ print $4 }' | md5`\ndestination_folder_md5=`find ${destination_folder} -type f -exec md5 {} + | sort -k 2 | awk '{ print $4 }' | md5`\nif [ \"$prebuilded_folder_md5\" == \"$destination_folder_md5\" ]; then\necho 'Equal'\nelse\necho \"Copy ${prebuilded_folder} to ${destination_folder}\"\nrm \"${destination_folder}\"\nmkdir \"${destination_folder}\"\ncp -R \"${prebuilded_folder}/\" \"${destination_folder}\"\nfi\n";
		};
		EF987C9F228ADF430053197A /* [Prebuilded] Copy inside app */ = {
			isa = PBXShellScriptBuildPhase;
			buildActionMask = 2147483647;
			files = (
			);
			inputFileListPaths = (
			);
			inputPaths = (
			);
			name = "[Prebuilded] Copy inside app";
			outputFileListPaths = (
			);
			outputPaths = (
			);
			runOnlyForDeploymentPostprocessing = 0;
			shellPath = /bin/sh;
			shellScript = "frameworks_folder=${BUILT_PRODUCTS_DIR}/DebugProblemApp.app/Frameworks\nif [ ! -d \"${frameworks_folder}\" ] \nthen\nmkdir ${frameworks_folder}\nfi\nframework_path=${BUILT_PRODUCTS_DIR}/DevPod/DevPod.framework\ndestination_framework_path=${BUILT_PRODUCTS_DIR}/DebugProblemApp.app/Frameworks/DevPod.framework\nframework_md5=`find ${framework_path} -type f -exec md5 {} + | sort -k 2 | awk '{ print $4 }' | md5`\ndestination_md5=`find ${destination_framework_path} -type f -exec md5 {} + | sort -k 2 | awk '{ print $4 }' | md5`\nif [ \"$framework_md5\" == \"$destination_md5\" ]; then\necho 'Equal'\nelse\necho \"Copy ${framework_path} to ${destination_framework_path}\"\ncp -R \"${framework_path}\" \"${destination_framework_path}\"\nfi\n";
		};
/* End PBXShellScriptBuildPhase section */

/* Begin PBXSourcesBuildPhase section */
		EF5929922289B02200235D9F /* Sources */ = {
			isa = PBXSourcesBuildPhase;
			buildActionMask = 2147483647;
			files = (
				EF59299A2289B02200235D9F /* AppDelegate.swift in Sources */,
			);
			runOnlyForDeploymentPostprocessing = 0;
		};
/* End PBXSourcesBuildPhase section */

/* Begin PBXVariantGroup section */
		EF5929A22289B02400235D9F /* LaunchScreen.storyboard */ = {
			isa = PBXVariantGroup;
			children = (
				EF5929A32289B02400235D9F /* Base */,
			);
			name = LaunchScreen.storyboard;
			sourceTree = "<group>";
		};
/* End PBXVariantGroup section */

/* Begin XCBuildConfiguration section */
		EF5929A62289B02400235D9F /* Debug */ = {
			isa = XCBuildConfiguration;
			buildSettings = {
				ALWAYS_SEARCH_USER_PATHS = NO;
				CLANG_ANALYZER_NONNULL = YES;
				CLANG_ANALYZER_NUMBER_OBJECT_CONVERSION = YES_AGGRESSIVE;
				CLANG_CXX_LANGUAGE_STANDARD = "gnu++14";
				CLANG_CXX_LIBRARY = "libc++";
				CLANG_ENABLE_MODULES = YES;
				CLANG_ENABLE_OBJC_ARC = YES;
				CLANG_ENABLE_OBJC_WEAK = YES;
				CLANG_WARN_BLOCK_CAPTURE_AUTORELEASING = YES;
				CLANG_WARN_BOOL_CONVERSION = YES;
				CLANG_WARN_COMMA = YES;
				CLANG_WARN_CONSTANT_CONVERSION = YES;
				CLANG_WARN_DEPRECATED_OBJC_IMPLEMENTATIONS = YES;
				CLANG_WARN_DIRECT_OBJC_ISA_USAGE = YES_ERROR;
				CLANG_WARN_DOCUMENTATION_COMMENTS = YES;
				CLANG_WARN_EMPTY_BODY = YES;
				CLANG_WARN_ENUM_CONVERSION = YES;
				CLANG_WARN_INFINITE_RECURSION = YES;
				CLANG_WARN_INT_CONVERSION = YES;
				CLANG_WARN_NON_LITERAL_NULL_CONVERSION = YES;
				CLANG_WARN_OBJC_IMPLICIT_RETAIN_SELF = YES;
				CLANG_WARN_OBJC_LITERAL_CONVERSION = YES;
				CLANG_WARN_OBJC_ROOT_CLASS = YES_ERROR;
				CLANG_WARN_RANGE_LOOP_ANALYSIS = YES;
				CLANG_WARN_STRICT_PROTOTYPES = YES;
				CLANG_WARN_SUSPICIOUS_MOVE = YES;
				CLANG_WARN_UNGUARDED_AVAILABILITY = YES_AGGRESSIVE;
				CLANG_WARN_UNREACHABLE_CODE = YES;
				CLANG_WARN__DUPLICATE_METHOD_MATCH = YES;
				CODE_SIGN_IDENTITY = "iPhone Developer";
				COPY_PHASE_STRIP = NO;
				DEBUG_INFORMATION_FORMAT = "dwarf-with-dsym";
				ENABLE_STRICT_OBJC_MSGSEND = YES;
				ENABLE_TESTABILITY = YES;
				GCC_C_LANGUAGE_STANDARD = gnu11;
				GCC_DYNAMIC_NO_PIC = NO;
				GCC_NO_COMMON_BLOCKS = YES;
				GCC_OPTIMIZATION_LEVEL = 0;
				GCC_PREPROCESSOR_DEFINITIONS = (
					"DEBUG=1",
					"$(inherited)",
				);
				GCC_WARN_64_TO_32_BIT_CONVERSION = YES;
				GCC_WARN_ABOUT_RETURN_TYPE = YES_ERROR;
				GCC_WARN_UNDECLARED_SELECTOR = YES;
				GCC_WARN_UNINITIALIZED_AUTOS = YES_AGGRESSIVE;
				GCC_WARN_UNUSED_FUNCTION = YES;
				GCC_WARN_UNUSED_VARIABLE = YES;
				IPHONEOS_DEPLOYMENT_TARGET = 11.0;
				MTL_ENABLE_DEBUG_INFO = INCLUDE_SOURCE;
				MTL_FAST_MATH = YES;
				ONLY_ACTIVE_ARCH = YES;
				PRECOMPS_INCLUDE_HEADERS_FROM_BUILT_PRODUCTS_DIR = NO;
				SDKROOT = iphoneos;
				STRIP_SWIFT_SYMBOLS = NO;
				SWIFT_ACTIVE_COMPILATION_CONDITIONS = DEBUG;
				SWIFT_OPTIMIZATION_LEVEL = "-Onone";
				SWIFT_VERSION = 4.2;
			};
			name = Debug;
		};
		EF5929A72289B02400235D9F /* Release */ = {
			isa = XCBuildConfiguration;
			buildSettings = {
				ALWAYS_SEARCH_USER_PATHS = NO;
				CLANG_ANALYZER_NONNULL = YES;
				CLANG_ANALYZER_NUMBER_OBJECT_CONVERSION = YES_AGGRESSIVE;
				CLANG_CXX_LANGUAGE_STANDARD = "gnu++14";
				CLANG_CXX_LIBRARY = "libc++";
				CLANG_ENABLE_MODULES = YES;
				CLANG_ENABLE_OBJC_ARC = YES;
				CLANG_ENABLE_OBJC_WEAK = YES;
				CLANG_WARN_BLOCK_CAPTURE_AUTORELEASING = YES;
				CLANG_WARN_BOOL_CONVERSION = YES;
				CLANG_WARN_COMMA = YES;
				CLANG_WARN_CONSTANT_CONVERSION = YES;
				CLANG_WARN_DEPRECATED_OBJC_IMPLEMENTATIONS = YES;
				CLANG_WARN_DIRECT_OBJC_ISA_USAGE = YES_ERROR;
				CLANG_WARN_DOCUMENTATION_COMMENTS = YES;
				CLANG_WARN_EMPTY_BODY = YES;
				CLANG_WARN_ENUM_CONVERSION = YES;
				CLANG_WARN_INFINITE_RECURSION = YES;
				CLANG_WARN_INT_CONVERSION = YES;
				CLANG_WARN_NON_LITERAL_NULL_CONVERSION = YES;
				CLANG_WARN_OBJC_IMPLICIT_RETAIN_SELF = YES;
				CLANG_WARN_OBJC_LITERAL_CONVERSION = YES;
				CLANG_WARN_OBJC_ROOT_CLASS = YES_ERROR;
				CLANG_WARN_RANGE_LOOP_ANALYSIS = YES;
				CLANG_WARN_STRICT_PROTOTYPES = YES;
				CLANG_WARN_SUSPICIOUS_MOVE = YES;
				CLANG_WARN_UNGUARDED_AVAILABILITY = YES_AGGRESSIVE;
				CLANG_WARN_UNREACHABLE_CODE = YES;
				CLANG_WARN__DUPLICATE_METHOD_MATCH = YES;
				CODE_SIGN_IDENTITY = "iPhone Developer";
				COPY_PHASE_STRIP = NO;
				DEBUG_INFORMATION_FORMAT = "dwarf-with-dsym";
				ENABLE_NS_ASSERTIONS = NO;
				ENABLE_STRICT_OBJC_MSGSEND = YES;
				GCC_C_LANGUAGE_STANDARD = gnu11;
				GCC_NO_COMMON_BLOCKS = YES;
				GCC_WARN_64_TO_32_BIT_CONVERSION = YES;
				GCC_WARN_ABOUT_RETURN_TYPE = YES_ERROR;
				GCC_WARN_UNDECLARED_SELECTOR = YES;
				GCC_WARN_UNINITIALIZED_AUTOS = YES_AGGRESSIVE;
				GCC_WARN_UNUSED_FUNCTION = YES;
				GCC_WARN_UNUSED_VARIABLE = YES;
				IPHONEOS_DEPLOYMENT_TARGET = 11.0;
				MTL_ENABLE_DEBUG_INFO = NO;
				MTL_FAST_MATH = YES;
				PRECOMPS_INCLUDE_HEADERS_FROM_BUILT_PRODUCTS_DIR = NO;
				SDKROOT = iphoneos;
				STRIP_SWIFT_SYMBOLS = NO;
				SWIFT_COMPILATION_MODE = wholemodule;
				SWIFT_OPTIMIZATION_LEVEL = "-O";
				SWIFT_VERSION = 4.2;
				VALIDATE_PRODUCT = YES;
			};
			name = Release;
		};
		EF5929A92289B02400235D9F /* Debug */ = {
			isa = XCBuildConfiguration;
			baseConfigurationReference = EF2B58AA228AD94000E7F37F /* Config.xcconfig */;
			buildSettings = {
				ASSETCATALOG_COMPILER_APPICON_NAME = AppIcon;
				CODE_SIGN_STYLE = Automatic;
				DEVELOPMENT_TEAM = "";
				FRAMEWORK_SEARCH_PATHS = "$(inherited)";
				INFOPLIST_FILE = DebugProblemApp/Info.plist;
				LD_RUNPATH_SEARCH_PATHS = (
					"$(inherited)",
					"@executable_path/Frameworks",
				);
				PRODUCT_BUNDLE_IDENTIFIER = ru.somesome.app.DebugProblemApp;
				PRODUCT_NAME = "$(TARGET_NAME)";
				STRIP_INSTALLED_PRODUCT = NO;
				STRIP_SWIFT_SYMBOLS = NO;
				SWIFT_VERSION = 4.2;
				TARGETED_DEVICE_FAMILY = "1,2";
			};
			name = Debug;
		};
		EF5929AA2289B02400235D9F /* Release */ = {
			isa = XCBuildConfiguration;
			buildSettings = {
				ASSETCATALOG_COMPILER_APPICON_NAME = AppIcon;
				CODE_SIGN_STYLE = Automatic;
				DEVELOPMENT_TEAM = "";
				FRAMEWORK_SEARCH_PATHS = "$(inherited)";
				INFOPLIST_FILE = DebugProblemApp/Info.plist;
				LD_RUNPATH_SEARCH_PATHS = (
					"$(inherited)",
					"@executable_path/Frameworks",
				);
				PRODUCT_BUNDLE_IDENTIFIER = ru.somesome.app.DebugProblemApp;
				PRODUCT_NAME = "$(TARGET_NAME)";
				STRIP_INSTALLED_PRODUCT = NO;
				STRIP_SWIFT_SYMBOLS = NO;
				SWIFT_VERSION = 4.2;
				TARGETED_DEVICE_FAMILY = "1,2";
			};
			name = Release;
		};
/* End XCBuildConfiguration section */

/* Begin XCConfigurationList section */
		EF5929912289B02200235D9F /* Build configuration list for PBXProject "DebugProblemApp" */ = {
			isa = XCConfigurationList;
			buildConfigurations = (
				EF5929A62289B02400235D9F /* Debug */,
				EF5929A72289B02400235D9F /* Release */,
			);
			defaultConfigurationIsVisible = 0;
			defaultConfigurationName = Release;
		};
		EF5929A82289B02400235D9F /* Build configuration list for PBXNativeTarget "DebugProblemApp" */ = {
			isa = XCConfigurationList;
			buildConfigurations = (
				EF5929A92289B02400235D9F /* Debug */,
				EF5929AA2289B02400235D9F /* Release */,
			);
			defaultConfigurationIsVisible = 0;
			defaultConfigurationName = Release;
		};
/* End XCConfigurationList section */
	};
	rootObject = EF59298E2289B02200235D9F /* Project object */;
}
